// !$*UTF8*$!
{
	archiveVersion = 1;
	classes = {
	};
	objectVersion = 52;
	objects = {

/* Begin PBXBuildFile section */
		8F6CBC08245DB95600813CBC /* AppDelegate.swift in Sources */ = {isa = PBXBuildFile; fileRef = 8F6CBC07245DB95600813CBC /* AppDelegate.swift */; };
		8F6CBC0A245DB95600813CBC /* ContentView.swift in Sources */ = {isa = PBXBuildFile; fileRef = 8F6CBC09245DB95600813CBC /* ContentView.swift */; };
		8F6CBC0C245DB95700813CBC /* Assets.xcassets in Resources */ = {isa = PBXBuildFile; fileRef = 8F6CBC0B245DB95700813CBC /* Assets.xcassets */; };
		8F6CBC0F245DB95700813CBC /* Preview Assets.xcassets in Resources */ = {isa = PBXBuildFile; fileRef = 8F6CBC0E245DB95700813CBC /* Preview Assets.xcassets */; };
		8F6CBC12245DB95700813CBC /* Main.storyboard in Resources */ = {isa = PBXBuildFile; fileRef = 8F6CBC10245DB95700813CBC /* Main.storyboard */; };
		8F6CBC1C245DB9E900813CBC /* PythonKit in Frameworks */ = {isa = PBXBuildFile; productRef = 8F6CBC1B245DB9E900813CBC /* PythonKit */; };
/* End PBXBuildFile section */

/* Begin PBXFileReference section */
		8F6CBC04245DB95600813CBC /* SwiftPython.app */ = {isa = PBXFileReference; explicitFileType = wrapper.application; includeInIndex = 0; path = SwiftPython.app; sourceTree = BUILT_PRODUCTS_DIR; };
		8F6CBC07245DB95600813CBC /* AppDelegate.swift */ = {isa = PBXFileReference; lastKnownFileType = sourcecode.swift; path = AppDelegate.swift; sourceTree = "<group>"; };
		8F6CBC09245DB95600813CBC /* ContentView.swift */ = {isa = PBXFileReference; lastKnownFileType = sourcecode.swift; path = ContentView.swift; sourceTree = "<group>"; };
		8F6CBC0B245DB95700813CBC /* Assets.xcassets */ = {isa = PBXFileReference; lastKnownFileType = folder.assetcatalog; path = Assets.xcassets; sourceTree = "<group>"; };
		8F6CBC0E245DB95700813CBC /* Preview Assets.xcassets */ = {isa = PBXFileReference; lastKnownFileType = folder.assetcatalog; path = "Preview Assets.xcassets"; sourceTree = "<group>"; };
		8F6CBC11245DB95700813CBC /* Base */ = {isa = PBXFileReference; lastKnownFileType = file.storyboard; name = Base; path = Base.lproj/Main.storyboard; sourceTree = "<group>"; };
		8F6CBC13245DB95700813CBC /* Info.plist */ = {isa = PBXFileReference; lastKnownFileType = text.plist.xml; path = Info.plist; sourceTree = "<group>"; };
		8F6CBC14245DB95700813CBC /* SwiftPython.entitlements */ = {isa = PBXFileReference; lastKnownFileType = text.plist.entitlements; path = SwiftPython.entitlements; sourceTree = "<group>"; };
/* End PBXFileReference section */

/* Begin PBXFrameworksBuildPhase section */
		8F6CBC01245DB95600813CBC /* Frameworks */ = {
			isa = PBXFrameworksBuildPhase;
			buildActionMask = 2147483647;
			files = (
				8F6CBC1C245DB9E900813CBC /* PythonKit in Frameworks */,
			);
			runOnlyForDeploymentPostprocessing = 0;
		};
/* End PBXFrameworksBuildPhase section */

/* Begin PBXGroup section */
		8F6CBBFB245DB95600813CBC = {
			isa = PBXGroup;
			children = (
				8F6CBC06245DB95600813CBC /* SwiftPython */,
				8F6CBC05245DB95600813CBC /* Products */,
			);
			sourceTree = "<group>";
		};
		8F6CBC05245DB95600813CBC /* Products */ = {
			isa = PBXGroup;
			children = (
				8F6CBC04245DB95600813CBC /* SwiftPython.app */,
			);
			name = Products;
			sourceTree = "<group>";
		};
		8F6CBC06245DB95600813CBC /* SwiftPython */ = {
			isa = PBXGroup;
			children = (
				8F6CBC07245DB95600813CBC /* AppDelegate.swift */,
				8F6CBC09245DB95600813CBC /* ContentView.swift */,
				8F6CBC0B245DB95700813CBC /* Assets.xcassets */,
				8F6CBC10245DB95700813CBC /* Main.storyboard */,
				8F6CBC13245DB95700813CBC /* Info.plist */,
				8F6CBC14245DB95700813CBC /* SwiftPython.entitlements */,
				8F6CBC0D245DB95700813CBC /* Preview Content */,
			);
			path = SwiftPython;
			sourceTree = "<group>";
		};
		8F6CBC0D245DB95700813CBC /* Preview Content */ = {
			isa = PBXGroup;
			children = (
				8F6CBC0E245DB95700813CBC /* Preview Assets.xcassets */,
			);
			path = "Preview Content";
			sourceTree = "<group>";
		};
/* End PBXGroup section */

/* Begin PBXNativeTarget section */
		8F6CBC03245DB95600813CBC /* SwiftPython */ = {
			isa = PBXNativeTarget;
			buildConfigurationList = 8F6CBC17245DB95700813CBC /* Build configuration list for PBXNativeTarget "SwiftPython" */;
			buildPhases = (
				8F6CBC00245DB95600813CBC /* Sources */,
				8F6CBC01245DB95600813CBC /* Frameworks */,
				8F6CBC02245DB95600813CBC /* Resources */,
			);
			buildRules = (
			);
			dependencies = (
			);
			name = SwiftPython;
			packageProductDependencies = (
				8F6CBC1B245DB9E900813CBC /* PythonKit */,
			);
			productName = SwiftPython;
			productReference = 8F6CBC04245DB95600813CBC /* SwiftPython.app */;
			productType = "com.apple.product-type.application";
		};
/* End PBXNativeTarget section */

/* Begin PBXProject section */
		8F6CBBFC245DB95600813CBC /* Project object */ = {
			isa = PBXProject;
			attributes = {
				LastSwiftUpdateCheck = 1140;
				LastUpgradeCheck = 1140;
				ORGANIZATIONNAME = "Geoffrey Lovelace";
				TargetAttributes = {
					8F6CBC03245DB95600813CBC = {
						CreatedOnToolsVersion = 11.4.1;
					};
				};
			};
			buildConfigurationList = 8F6CBBFF245DB95600813CBC /* Build configuration list for PBXProject "SwiftPython" */;
			compatibilityVersion = "Xcode 9.3";
			developmentRegion = en;
			hasScannedForEncodings = 0;
			knownRegions = (
				en,
				Base,
			);
			mainGroup = 8F6CBBFB245DB95600813CBC;
			packageReferences = (
				8F6CBC1A245DB9E900813CBC /* XCRemoteSwiftPackageReference "PythonKit" */,
			);
			productRefGroup = 8F6CBC05245DB95600813CBC /* Products */;
			projectDirPath = "";
			projectRoot = "";
			targets = (
				8F6CBC03245DB95600813CBC /* SwiftPython */,
			);
		};
/* End PBXProject section */

/* Begin PBXResourcesBuildPhase section */
		8F6CBC02245DB95600813CBC /* Resources */ = {
			isa = PBXResourcesBuildPhase;
			buildActionMask = 2147483647;
			files = (
				8F6CBC12245DB95700813CBC /* Main.storyboard in Resources */,
				8F6CBC0F245DB95700813CBC /* Preview Assets.xcassets in Resources */,
				8F6CBC0C245DB95700813CBC /* Assets.xcassets in Resources */,
			);
			runOnlyForDeploymentPostprocessing = 0;
		};
/* End PBXResourcesBuildPhase section */

/* Begin PBXSourcesBuildPhase section */
		8F6CBC00245DB95600813CBC /* Sources */ = {
			isa = PBXSourcesBuildPhase;
			buildActionMask = 2147483647;
			files = (
				8F6CBC0A245DB95600813CBC /* ContentView.swift in Sources */,
				8F6CBC08245DB95600813CBC /* AppDelegate.swift in Sources */,
			);
			runOnlyForDeploymentPostprocessing = 0;
		};
/* End PBXSourcesBuildPhase section */

/* Begin PBXVariantGroup section */
		8F6CBC10245DB95700813CBC /* Main.storyboard */ = {
			isa = PBXVariantGroup;
			children = (
				8F6CBC11245DB95700813CBC /* Base */,
			);
			name = Main.storyboard;
			sourceTree = "<group>";
		};
/* End PBXVariantGroup section */

/* Begin XCBuildConfiguration section */
		8F6CBC15245DB95700813CBC /* Debug */ = {
			isa = XCBuildConfiguration;
			buildSettings = {
				ALWAYS_SEARCH_USER_PATHS = NO;
				CLANG_ANALYZER_NONNULL = YES;
				CLANG_ANALYZER_NUMBER_OBJECT_CONVERSION = YES_AGGRESSIVE;
				CLANG_CXX_LANGUAGE_STANDARD = "gnu++14";
				CLANG_CXX_LIBRARY = "libc++";
				CLANG_ENABLE_MODULES = YES;
				CLANG_ENABLE_OBJC_ARC = YES;
				CLANG_ENABLE_OBJC_WEAK = YES;
				CLANG_WARN_BLOCK_CAPTURE_AUTORELEASING = YES;
				CLANG_WARN_BOOL_CONVERSION = YES;
				CLANG_WARN_COMMA = YES;
				CLANG_WARN_CONSTANT_CONVERSION = YES;
				CLANG_WARN_DEPRECATED_OBJC_IMPLEMENTATIONS = YES;
				CLANG_WARN_DIRECT_OBJC_ISA_USAGE = YES_ERROR;
				CLANG_WARN_DOCUMENTATION_COMMENTS = YES;
				CLANG_WARN_EMPTY_BODY = YES;
				CLANG_WARN_ENUM_CONVERSION = YES;
				CLANG_WARN_INFINITE_RECURSION = YES;
				CLANG_WARN_INT_CONVERSION = YES;
				CLANG_WARN_NON_LITERAL_NULL_CONVERSION = YES;
				CLANG_WARN_OBJC_IMPLICIT_RETAIN_SELF = YES;
				CLANG_WARN_OBJC_LITERAL_CONVERSION = YES;
				CLANG_WARN_OBJC_ROOT_CLASS = YES_ERROR;
				CLANG_WARN_RANGE_LOOP_ANALYSIS = YES;
				CLANG_WARN_STRICT_PROTOTYPES = YES;
				CLANG_WARN_SUSPICIOUS_MOVE = YES;
				CLANG_WARN_UNGUARDED_AVAILABILITY = YES_AGGRESSIVE;
				CLANG_WARN_UNREACHABLE_CODE = YES;
				CLANG_WARN__DUPLICATE_METHOD_MATCH = YES;
				COPY_PHASE_STRIP = NO;
				DEBUG_INFORMATION_FORMAT = dwarf;
				ENABLE_STRICT_OBJC_MSGSEND = YES;
				ENABLE_TESTABILITY = YES;
				GCC_C_LANGUAGE_STANDARD = gnu11;
				GCC_DYNAMIC_NO_PIC = NO;
				GCC_NO_COMMON_BLOCKS = YES;
				GCC_OPTIMIZATION_LEVEL = 0;
				GCC_PREPROCESSOR_DEFINITIONS = (
					"DEBUG=1",
					"$(inherited)",
				);
				GCC_WARN_64_TO_32_BIT_CONVERSION = YES;
				GCC_WARN_ABOUT_RETURN_TYPE = YES_ERROR;
				GCC_WARN_UNDECLARED_SELECTOR = YES;
				GCC_WARN_UNINITIALIZED_AUTOS = YES_AGGRESSIVE;
				GCC_WARN_UNUSED_FUNCTION = YES;
				GCC_WARN_UNUSED_VARIABLE = YES;
				MACOSX_DEPLOYMENT_TARGET = 10.15;
				MTL_ENABLE_DEBUG_INFO = INCLUDE_SOURCE;
				MTL_FAST_MATH = YES;
				ONLY_ACTIVE_ARCH = YES;
				SDKROOT = macosx;
				SWIFT_ACTIVE_COMPILATION_CONDITIONS = DEBUG;
				SWIFT_OPTIMIZATION_LEVEL = "-Onone";
			};
			name = Debug;
		};
		8F6CBC16245DB95700813CBC /* Release */ = {
			isa = XCBuildConfiguration;
			buildSettings = {
				ALWAYS_SEARCH_USER_PATHS = NO;
				CLANG_ANALYZER_NONNULL = YES;
				CLANG_ANALYZER_NUMBER_OBJECT_CONVERSION = YES_AGGRESSIVE;
				CLANG_CXX_LANGUAGE_STANDARD = "gnu++14";
				CLANG_CXX_LIBRARY = "libc++";
				CLANG_ENABLE_MODULES = YES;
				CLANG_ENABLE_OBJC_ARC = YES;
				CLANG_ENABLE_OBJC_WEAK = YES;
				CLANG_WARN_BLOCK_CAPTURE_AUTORELEASING = YES;
				CLANG_WARN_BOOL_CONVERSION = YES;
				CLANG_WARN_COMMA = YES;
				CLANG_WARN_CONSTANT_CONVERSION = YES;
				CLANG_WARN_DEPRECATED_OBJC_IMPLEMENTATIONS = YES;
				CLANG_WARN_DIRECT_OBJC_ISA_USAGE = YES_ERROR;
				CLANG_WARN_DOCUMENTATION_COMMENTS = YES;
				CLANG_WARN_EMPTY_BODY = YES;
				CLANG_WARN_ENUM_CONVERSION = YES;
				CLANG_WARN_INFINITE_RECURSION = YES;
				CLANG_WARN_INT_CONVERSION = YES;
				CLANG_WARN_NON_LITERAL_NULL_CONVERSION = YES;
				CLANG_WARN_OBJC_IMPLICIT_RETAIN_SELF = YES;
				CLANG_WARN_OBJC_LITERAL_CONVERSION = YES;
				CLANG_WARN_OBJC_ROOT_CLASS = YES_ERROR;
				CLANG_WARN_RANGE_LOOP_ANALYSIS = YES;
				CLANG_WARN_STRICT_PROTOTYPES = YES;
				CLANG_WARN_SUSPICIOUS_MOVE = YES;
				CLANG_WARN_UNGUARDED_AVAILABILITY = YES_AGGRESSIVE;
				CLANG_WARN_UNREACHABLE_CODE = YES;
				CLANG_WARN__DUPLICATE_METHOD_MATCH = YES;
				COPY_PHASE_STRIP = NO;
				DEBUG_INFORMATION_FORMAT = "dwarf-with-dsym";
				ENABLE_NS_ASSERTIONS = NO;
				ENABLE_STRICT_OBJC_MSGSEND = YES;
				GCC_C_LANGUAGE_STANDARD = gnu11;
				GCC_NO_COMMON_BLOCKS = YES;
				GCC_WARN_64_TO_32_BIT_CONVERSION = YES;
				GCC_WARN_ABOUT_RETURN_TYPE = YES_ERROR;
				GCC_WARN_UNDECLARED_SELECTOR = YES;
				GCC_WARN_UNINITIALIZED_AUTOS = YES_AGGRESSIVE;
				GCC_WARN_UNUSED_FUNCTION = YES;
				GCC_WARN_UNUSED_VARIABLE = YES;
				MACOSX_DEPLOYMENT_TARGET = 10.15;
				MTL_ENABLE_DEBUG_INFO = NO;
				MTL_FAST_MATH = YES;
				SDKROOT = macosx;
				SWIFT_COMPILATION_MODE = wholemodule;
				SWIFT_OPTIMIZATION_LEVEL = "-O";
			};
			name = Release;
		};
		8F6CBC18245DB95700813CBC /* Debug */ = {
			isa = XCBuildConfiguration;
			buildSettings = {
				ASSETCATALOG_COMPILER_APPICON_NAME = AppIcon;
				CODE_SIGN_ENTITLEMENTS = SwiftPython/SwiftPython.entitlements;
				CODE_SIGN_STYLE = Automatic;
				COMBINE_HIDPI_IMAGES = YES;
				DEVELOPMENT_ASSET_PATHS = "\"SwiftPython/Preview Content\"";
				DEVELOPMENT_TEAM = EL6DCW3B4J;
				ENABLE_HARDENED_RUNTIME = YES;
				ENABLE_PREVIEWS = YES;
				INFOPLIST_FILE = SwiftPython/Info.plist;
				LD_RUNPATH_SEARCH_PATHS = (
					"$(inherited)",
					"@executable_path/../Frameworks",
				);
				MACOSX_DEPLOYMENT_TARGET = 10.15;
				PRODUCT_BUNDLE_IDENTIFIER = "geoffrey4444-me.com.SwiftPython";
				PRODUCT_NAME = "$(TARGET_NAME)";
				SWIFT_VERSION = 5.0;
			};
			name = Debug;
		};
		8F6CBC19245DB95700813CBC /* Release */ = {
			isa = XCBuildConfiguration;
			buildSettings = {
				ASSETCATALOG_COMPILER_APPICON_NAME = AppIcon;
				CODE_SIGN_ENTITLEMENTS = SwiftPython/SwiftPython.entitlements;
				CODE_SIGN_STYLE = Automatic;
				COMBINE_HIDPI_IMAGES = YES;
				DEVELOPMENT_ASSET_PATHS = "\"SwiftPython/Preview Content\"";
				DEVELOPMENT_TEAM = EL6DCW3B4J;
				ENABLE_HARDENED_RUNTIME = YES;
				ENABLE_PREVIEWS = YES;
				INFOPLIST_FILE = SwiftPython/Info.plist;
				LD_RUNPATH_SEARCH_PATHS = (
					"$(inherited)",
					"@executable_path/../Frameworks",
				);
				MACOSX_DEPLOYMENT_TARGET = 10.15;
				PRODUCT_BUNDLE_IDENTIFIER = "geoffrey4444-me.com.SwiftPython";
				PRODUCT_NAME = "$(TARGET_NAME)";
				SWIFT_VERSION = 5.0;
			};
			name = Release;
		};
/* End XCBuildConfiguration section */

/* Begin XCConfigurationList section */
		8F6CBBFF245DB95600813CBC /* Build configuration list for PBXProject "SwiftPython" */ = {
			isa = XCConfigurationList;
			buildConfigurations = (
				8F6CBC15245DB95700813CBC /* Debug */,
				8F6CBC16245DB95700813CBC /* Release */,
			);
			defaultConfigurationIsVisible = 0;
			defaultConfigurationName = Release;
		};
		8F6CBC17245DB95700813CBC /* Build configuration list for PBXNativeTarget "SwiftPython" */ = {
			isa = XCConfigurationList;
			buildConfigurations = (
				8F6CBC18245DB95700813CBC /* Debug */,
				8F6CBC19245DB95700813CBC /* Release */,
			);
			defaultConfigurationIsVisible = 0;
			defaultConfigurationName = Release;
		};
/* End XCConfigurationList section */

/* Begin XCRemoteSwiftPackageReference section */
		8F6CBC1A245DB9E900813CBC /* XCRemoteSwiftPackageReference "PythonKit" */ = {
			isa = XCRemoteSwiftPackageReference;
			repositoryURL = "https://github.com/pvieito/PythonKit";
			requirement = {
				branch = master;
				kind = branch;
			};
		};
/* End XCRemoteSwiftPackageReference section */

/* Begin XCSwiftPackageProductDependency section */
		8F6CBC1B245DB9E900813CBC /* PythonKit */ = {
			isa = XCSwiftPackageProductDependency;
			package = 8F6CBC1A245DB9E900813CBC /* XCRemoteSwiftPackageReference "PythonKit" */;
			productName = PythonKit;
		};
/* End XCSwiftPackageProductDependency section */
	};
	rootObject = 8F6CBBFC245DB95600813CBC /* Project object */;
}
